
Microsoft Visual Studio Solution File, Format Version 12.00
# Visual Studio Version 16
VisualStudioVersion = 16.0.31729.503
MinimumVisualStudioVersion = 10.0.40219.1
Project("{9A19103F-16F7-4668-BE54-9A1E7A4F7556}") = "TweetApp-API", "TweetApp-API\TweetApp-API.csproj", "{115C050C-B889-4EED-A6BA-B39F2AE47BE9}"
EndProject
Project("{E53339B2-1760-4266-BCC7-CA923CBCF16C}") = "docker-compose", "docker-compose.dcproj", "{99590D25-95FD-4EDC-BD58-92AE311111A4}"
EndProject
Global
	GlobalSection(SolutionConfigurationPlatforms) = preSolution
		Debug|Any CPU = Debug|Any CPU
		Release|Any CPU = Release|Any CPU
	EndGlobalSection
	GlobalSection(ProjectConfigurationPlatforms) = postSolution
		{115C050C-B889-4EED-A6BA-B39F2AE47BE9}.Debug|Any CPU.ActiveCfg = Debug|Any CPU
		{115C050C-B889-4EED-A6BA-B39F2AE47BE9}.Debug|Any CPU.Build.0 = Debug|Any CPU
		{115C050C-B889-4EED-A6BA-B39F2AE47BE9}.Release|Any CPU.ActiveCfg = Release|Any CPU
		{115C050C-B889-4EED-A6BA-B39F2AE47BE9}.Release|Any CPU.Build.0 = Release|Any CPU
		{99590D25-95FD-4EDC-BD58-92AE311111A4}.Debug|Any CPU.ActiveCfg = Debug|Any CPU
		{99590D25-95FD-4EDC-BD58-92AE311111A4}.Debug|Any CPU.Build.0 = Debug|Any CPU
		{99590D25-95FD-4EDC-BD58-92AE311111A4}.Release|Any CPU.ActiveCfg = Release|Any CPU
		{99590D25-95FD-4EDC-BD58-92AE311111A4}.Release|Any CPU.Build.0 = Release|Any CPU
	EndGlobalSection
	GlobalSection(SolutionProperties) = preSolution
		HideSolutionNode = FALSE
	EndGlobalSection
	GlobalSection(ExtensibilityGlobals) = postSolution
		SolutionGuid = {ADE9A71C-AAD7-48B3-A4A5-79725B48DD5A}
	EndGlobalSection
EndGlobal
